<?xml version="1.0" encoding="utf-8"?>
<Project ToolsVersion="4.0" xmlns="http://schemas.microsoft.com/developer/msbuild/2003">
  <ItemGroup>
    <Filter Include="Исходные файлы">
      <UniqueIdentifier>{4FC737F1-C7A5-4376-A066-2A32D752A2FF}</UniqueIdentifier>
      <Extensions>cpp;c;cc;cxx;c++;cppm;ixx;def;odl;idl;hpj;bat;asm;asmx</Extensions>
    </Filter>
    <Filter Include="Файлы заголовков">
      <UniqueIdentifier>{93995380-89BD-4b04-88EB-625FBE52EBFB}</UniqueIdentifier>
      <Extensions>h;hh;hpp;hxx;h++;hm;inl;inc;ipp;xsd</Extensions>
    </Filter>
    <Filter Include="Файлы ресурсов">
      <UniqueIdentifier>{67DA6AB6-F800-4c08-8B7A-83BB121AAD01}</UniqueIdentifier>
      <Extensions>rc;ico;cur;bmp;dlg;rc2;rct;bin;rgs;gif;jpg;jpeg;jpe;resx;tiff;tif;png;wav;mfcribbon-ms</Extensions>
    </Filter>
    <Filter Include="Исходные файлы\Back">
      <UniqueIdentifier>{0c8bafab-b3aa-4a28-b10a-21c02b809aa1}</UniqueIdentifier>
    </Filter>
    <Filter Include="Исходные файлы\Front">
      <UniqueIdentifier>{bfe3630e-be7c-42db-89c9-b270869776bf}</UniqueIdentifier>
    </Filter>
  </ItemGroup>
  <ItemGroup>
    <None Include="packages.config" />
  </ItemGroup>
  <ItemGroup>
    <ClCompile Include="Main.cpp">
      <Filter>Исходные файлы</Filter>
    </ClCompile>
    <ClCompile Include="GameController.cpp">
      <Filter>Исходные файлы\Back</Filter>
    </ClCompile>
    <ClCompile Include="Score.cpp">
      <Filter>Исходные файлы\Back</Filter>
    </ClCompile>
    <ClCompile Include="MainMenu.cpp">
      <Filter>Исходные файлы\Front</Filter>
    </ClCompile>
    <ClCompile Include="PauseMenu.cpp">
      <Filter>Исходные файлы\Front</Filter>
    </ClCompile>
    <ClCompile Include="PauseMenu.h">
      <Filter>Исходные файлы\Front</Filter>
    </ClCompile>
    <ClCompile Include="GameField.cpp">
      <Filter>Исходные файлы\Back</Filter>
    </ClCompile>
    <ClCompile Include="GameField.h">
      <Filter>Исходные файлы\Back</Filter>
    </ClCompile>
    <ClCompile Include="Tetramino.cpp">
      <Filter>Исходные файлы\Back</Filter>
    </ClCompile>
  </ItemGroup>
  <ItemGroup>
    <ClInclude Include="GameController.h">
      <Filter>Исходные файлы\Back</Filter>
    </ClInclude>
    <ClInclude Include="Score.h">
      <Filter>Исходные файлы\Back</Filter>
    </ClInclude>
    <ClInclude Include="MainMenu.h">
      <Filter>Исходные файлы\Front</Filter>
    </ClInclude>
    <ClInclude Include="Tetramino.h">
      <Filter>Исходные файлы\Back</Filter>
    </ClInclude>
  </ItemGroup>
</Project>